
Microsoft Visual Studio Solution File, Format Version 12.00
# Visual Studio Version 17
VisualStudioVersion = 17.2.32505.173
MinimumVisualStudioVersion = 10.0.40219.1
Project("{9A19103F-16F7-4668-BE54-9A1E7A4F7556}") = "Core.Dto", "src\Core.Dto\Core.Dto.csproj", "{A35354D3-9BF3-48AF-B4C7-D75095F3136C}"
EndProject
Project("{9A19103F-16F7-4668-BE54-9A1E7A4F7556}") = "TRO.Clients", "src\TRO.Clients\TRO.Clients.csproj", "{6AE822D8-2307-4AFA-A648-2219275D8105}"
EndProject
Project("{9A19103F-16F7-4668-BE54-9A1E7A4F7556}") = "TRO.PageObjects", "src\TRO.PageObjects\TRO.PageObjects.csproj", "{B9C0A228-EA43-4110-9340-90559B1A9E67}"
EndProject
Project("{9A19103F-16F7-4668-BE54-9A1E7A4F7556}") = "TRO.Tests", "tests\TRO.Tests\TRO.Tests.csproj", "{7B6CA12C-9E09-4807-9D44-0E4428E1E542}"
EndProject
Project("{2150E333-8FDC-42A3-9474-1A3956D46DE8}") = "analyzers", "analyzers", "{B6DE6046-294C-41B9-B682-0CD820C9D2DB}"
EndProject
Project("{9A19103F-16F7-4668-BE54-9A1E7A4F7556}") = "ClientSourceGenerator", "src\ClientSourceGenerator\ClientSourceGenerator.csproj", "{0E978840-C4CD-43FD-A779-F83DA010DA9B}"
EndProject
Project("{9A19103F-16F7-4668-BE54-9A1E7A4F7556}") = "PageObjectSourceGenerator", "src\PageObjectGenerator\PageObjectSourceGenerator.csproj", "{D1A32CD6-49FC-4873-A76B-43D6C66BC4FA}"
EndProject
Global
	GlobalSection(SolutionConfigurationPlatforms) = preSolution
		Debug|Any CPU = Debug|Any CPU
		Prod Debug|Any CPU = Prod Debug|Any CPU
		Prod|Any CPU = Prod|Any CPU
		QA Debug|Any CPU = QA Debug|Any CPU
		QA|Any CPU = QA|Any CPU
		Release|Any CPU = Release|Any CPU
		UAT Debug|Any CPU = UAT Debug|Any CPU
		UAT|Any CPU = UAT|Any CPU
	EndGlobalSection
	GlobalSection(ProjectConfigurationPlatforms) = postSolution
		{A35354D3-9BF3-48AF-B4C7-D75095F3136C}.Debug|Any CPU.ActiveCfg = Debug|Any CPU
		{A35354D3-9BF3-48AF-B4C7-D75095F3136C}.Debug|Any CPU.Build.0 = Debug|Any CPU
		{A35354D3-9BF3-48AF-B4C7-D75095F3136C}.Prod Debug|Any CPU.ActiveCfg = Debug|Any CPU
		{A35354D3-9BF3-48AF-B4C7-D75095F3136C}.Prod Debug|Any CPU.Build.0 = Debug|Any CPU
		{A35354D3-9BF3-48AF-B4C7-D75095F3136C}.Prod|Any CPU.ActiveCfg = Debug|Any CPU
		{A35354D3-9BF3-48AF-B4C7-D75095F3136C}.Prod|Any CPU.Build.0 = Debug|Any CPU
		{A35354D3-9BF3-48AF-B4C7-D75095F3136C}.QA Debug|Any CPU.ActiveCfg = Debug|Any CPU
		{A35354D3-9BF3-48AF-B4C7-D75095F3136C}.QA Debug|Any CPU.Build.0 = Debug|Any CPU
		{A35354D3-9BF3-48AF-B4C7-D75095F3136C}.QA|Any CPU.ActiveCfg = Debug|Any CPU
		{A35354D3-9BF3-48AF-B4C7-D75095F3136C}.QA|Any CPU.Build.0 = Debug|Any CPU
		{A35354D3-9BF3-48AF-B4C7-D75095F3136C}.Release|Any CPU.ActiveCfg = Release|Any CPU
		{A35354D3-9BF3-48AF-B4C7-D75095F3136C}.Release|Any CPU.Build.0 = Release|Any CPU
		{A35354D3-9BF3-48AF-B4C7-D75095F3136C}.UAT Debug|Any CPU.ActiveCfg = Debug|Any CPU
		{A35354D3-9BF3-48AF-B4C7-D75095F3136C}.UAT Debug|Any CPU.Build.0 = Debug|Any CPU
		{A35354D3-9BF3-48AF-B4C7-D75095F3136C}.UAT|Any CPU.ActiveCfg = Debug|Any CPU
		{A35354D3-9BF3-48AF-B4C7-D75095F3136C}.UAT|Any CPU.Build.0 = Debug|Any CPU
		{6AE822D8-2307-4AFA-A648-2219275D8105}.Debug|Any CPU.ActiveCfg = Debug|Any CPU
		{6AE822D8-2307-4AFA-A648-2219275D8105}.Debug|Any CPU.Build.0 = Debug|Any CPU
		{6AE822D8-2307-4AFA-A648-2219275D8105}.Prod Debug|Any CPU.ActiveCfg = Debug|Any CPU
		{6AE822D8-2307-4AFA-A648-2219275D8105}.Prod Debug|Any CPU.Build.0 = Debug|Any CPU
		{6AE822D8-2307-4AFA-A648-2219275D8105}.Prod|Any CPU.ActiveCfg = Debug|Any CPU
		{6AE822D8-2307-4AFA-A648-2219275D8105}.Prod|Any CPU.Build.0 = Debug|Any CPU
		{6AE822D8-2307-4AFA-A648-2219275D8105}.QA Debug|Any CPU.ActiveCfg = Debug|Any CPU
		{6AE822D8-2307-4AFA-A648-2219275D8105}.QA Debug|Any CPU.Build.0 = Debug|Any CPU
		{6AE822D8-2307-4AFA-A648-2219275D8105}.QA|Any CPU.ActiveCfg = Debug|Any CPU
		{6AE822D8-2307-4AFA-A648-2219275D8105}.QA|Any CPU.Build.0 = Debug|Any CPU
		{6AE822D8-2307-4AFA-A648-2219275D8105}.Release|Any CPU.ActiveCfg = Release|Any CPU
		{6AE822D8-2307-4AFA-A648-2219275D8105}.Release|Any CPU.Build.0 = Release|Any CPU
		{6AE822D8-2307-4AFA-A648-2219275D8105}.UAT Debug|Any CPU.ActiveCfg = Debug|Any CPU
		{6AE822D8-2307-4AFA-A648-2219275D8105}.UAT Debug|Any CPU.Build.0 = Debug|Any CPU
		{6AE822D8-2307-4AFA-A648-2219275D8105}.UAT|Any CPU.ActiveCfg = Debug|Any CPU
		{6AE822D8-2307-4AFA-A648-2219275D8105}.UAT|Any CPU.Build.0 = Debug|Any CPU
		{B9C0A228-EA43-4110-9340-90559B1A9E67}.Debug|Any CPU.ActiveCfg = Debug|Any CPU
		{B9C0A228-EA43-4110-9340-90559B1A9E67}.Debug|Any CPU.Build.0 = Debug|Any CPU
		{B9C0A228-EA43-4110-9340-90559B1A9E67}.Prod Debug|Any CPU.ActiveCfg = Prod Debug|Any CPU
		{B9C0A228-EA43-4110-9340-90559B1A9E67}.Prod Debug|Any CPU.Build.0 = Prod Debug|Any CPU
		{B9C0A228-EA43-4110-9340-90559B1A9E67}.Prod|Any CPU.ActiveCfg = Prod|Any CPU
		{B9C0A228-EA43-4110-9340-90559B1A9E67}.Prod|Any CPU.Build.0 = Prod|Any CPU
		{B9C0A228-EA43-4110-9340-90559B1A9E67}.QA Debug|Any CPU.ActiveCfg = QA Debug|Any CPU
		{B9C0A228-EA43-4110-9340-90559B1A9E67}.QA Debug|Any CPU.Build.0 = QA Debug|Any CPU
		{B9C0A228-EA43-4110-9340-90559B1A9E67}.QA|Any CPU.ActiveCfg = QA|Any CPU
		{B9C0A228-EA43-4110-9340-90559B1A9E67}.QA|Any CPU.Build.0 = QA|Any CPU
		{B9C0A228-EA43-4110-9340-90559B1A9E67}.Release|Any CPU.ActiveCfg = Release|Any CPU
		{B9C0A228-EA43-4110-9340-90559B1A9E67}.Release|Any CPU.Build.0 = Release|Any CPU
		{B9C0A228-EA43-4110-9340-90559B1A9E67}.UAT Debug|Any CPU.ActiveCfg = UAT Debug|Any CPU
		{B9C0A228-EA43-4110-9340-90559B1A9E67}.UAT Debug|Any CPU.Build.0 = UAT Debug|Any CPU
		{B9C0A228-EA43-4110-9340-90559B1A9E67}.UAT|Any CPU.ActiveCfg = UAT|Any CPU
		{B9C0A228-EA43-4110-9340-90559B1A9E67}.UAT|Any CPU.Build.0 = UAT|Any CPU
		{7B6CA12C-9E09-4807-9D44-0E4428E1E542}.Debug|Any CPU.ActiveCfg = Debug|Any CPU
		{7B6CA12C-9E09-4807-9D44-0E4428E1E542}.Debug|Any CPU.Build.0 = Debug|Any CPU
		{7B6CA12C-9E09-4807-9D44-0E4428E1E542}.Prod Debug|Any CPU.ActiveCfg = Prod Debug|Any CPU
		{7B6CA12C-9E09-4807-9D44-0E4428E1E542}.Prod Debug|Any CPU.Build.0 = Prod Debug|Any CPU
		{7B6CA12C-9E09-4807-9D44-0E4428E1E542}.Prod|Any CPU.ActiveCfg = Prod|Any CPU
		{7B6CA12C-9E09-4807-9D44-0E4428E1E542}.Prod|Any CPU.Build.0 = Prod|Any CPU
		{7B6CA12C-9E09-4807-9D44-0E4428E1E542}.QA Debug|Any CPU.ActiveCfg = QA Debug|Any CPU
		{7B6CA12C-9E09-4807-9D44-0E4428E1E542}.QA Debug|Any CPU.Build.0 = QA Debug|Any CPU
		{7B6CA12C-9E09-4807-9D44-0E4428E1E542}.QA|Any CPU.ActiveCfg = QA|Any CPU
		{7B6CA12C-9E09-4807-9D44-0E4428E1E542}.QA|Any CPU.Build.0 = QA|Any CPU
		{7B6CA12C-9E09-4807-9D44-0E4428E1E542}.Release|Any CPU.ActiveCfg = Release|Any CPU
		{7B6CA12C-9E09-4807-9D44-0E4428E1E542}.Release|Any CPU.Build.0 = Release|Any CPU
		{7B6CA12C-9E09-4807-9D44-0E4428E1E542}.UAT Debug|Any CPU.ActiveCfg = UAT Debug|Any CPU
		{7B6CA12C-9E09-4807-9D44-0E4428E1E542}.UAT Debug|Any CPU.Build.0 = UAT Debug|Any CPU
		{7B6CA12C-9E09-4807-9D44-0E4428E1E542}.UAT|Any CPU.ActiveCfg = UAT|Any CPU
		{7B6CA12C-9E09-4807-9D44-0E4428E1E542}.UAT|Any CPU.Build.0 = UAT|Any CPU
		{0E978840-C4CD-43FD-A779-F83DA010DA9B}.Debug|Any CPU.ActiveCfg = Debug|Any CPU
		{0E978840-C4CD-43FD-A779-F83DA010DA9B}.Debug|Any CPU.Build.0 = Debug|Any CPU
		{0E978840-C4CD-43FD-A779-F83DA010DA9B}.Prod Debug|Any CPU.ActiveCfg = Debug|Any CPU
		{0E978840-C4CD-43FD-A779-F83DA010DA9B}.Prod Debug|Any CPU.Build.0 = Debug|Any CPU
		{0E978840-C4CD-43FD-A779-F83DA010DA9B}.Prod|Any CPU.ActiveCfg = Debug|Any CPU
		{0E978840-C4CD-43FD-A779-F83DA010DA9B}.Prod|Any CPU.Build.0 = Debug|Any CPU
		{0E978840-C4CD-43FD-A779-F83DA010DA9B}.QA Debug|Any CPU.ActiveCfg = Debug|Any CPU
		{0E978840-C4CD-43FD-A779-F83DA010DA9B}.QA Debug|Any CPU.Build.0 = Debug|Any CPU
		{0E978840-C4CD-43FD-A779-F83DA010DA9B}.QA|Any CPU.ActiveCfg = Debug|Any CPU
		{0E978840-C4CD-43FD-A779-F83DA010DA9B}.QA|Any CPU.Build.0 = Debug|Any CPU
		{0E978840-C4CD-43FD-A779-F83DA010DA9B}.Release|Any CPU.ActiveCfg = Release|Any CPU
		{0E978840-C4CD-43FD-A779-F83DA010DA9B}.Release|Any CPU.Build.0 = Release|Any CPU
		{0E978840-C4CD-43FD-A779-F83DA010DA9B}.UAT Debug|Any CPU.ActiveCfg = Debug|Any CPU
		{0E978840-C4CD-43FD-A779-F83DA010DA9B}.UAT Debug|Any CPU.Build.0 = Debug|Any CPU
		{0E978840-C4CD-43FD-A779-F83DA010DA9B}.UAT|Any CPU.ActiveCfg = Debug|Any CPU
		{0E978840-C4CD-43FD-A779-F83DA010DA9B}.UAT|Any CPU.Build.0 = Debug|Any CPU
		{D1A32CD6-49FC-4873-A76B-43D6C66BC4FA}.Debug|Any CPU.ActiveCfg = Debug|Any CPU
		{D1A32CD6-49FC-4873-A76B-43D6C66BC4FA}.Debug|Any CPU.Build.0 = Debug|Any CPU
		{D1A32CD6-49FC-4873-A76B-43D6C66BC4FA}.Prod Debug|Any CPU.ActiveCfg = Debug|Any CPU
		{D1A32CD6-49FC-4873-A76B-43D6C66BC4FA}.Prod Debug|Any CPU.Build.0 = Debug|Any CPU
		{D1A32CD6-49FC-4873-A76B-43D6C66BC4FA}.Prod|Any CPU.ActiveCfg = Debug|Any CPU
		{D1A32CD6-49FC-4873-A76B-43D6C66BC4FA}.Prod|Any CPU.Build.0 = Debug|Any CPU
		{D1A32CD6-49FC-4873-A76B-43D6C66BC4FA}.QA Debug|Any CPU.ActiveCfg = Debug|Any CPU
		{D1A32CD6-49FC-4873-A76B-43D6C66BC4FA}.QA Debug|Any CPU.Build.0 = Debug|Any CPU
		{D1A32CD6-49FC-4873-A76B-43D6C66BC4FA}.QA|Any CPU.ActiveCfg = Debug|Any CPU
		{D1A32CD6-49FC-4873-A76B-43D6C66BC4FA}.QA|Any CPU.Build.0 = Debug|Any CPU
		{D1A32CD6-49FC-4873-A76B-43D6C66BC4FA}.Release|Any CPU.ActiveCfg = Release|Any CPU
		{D1A32CD6-49FC-4873-A76B-43D6C66BC4FA}.Release|Any CPU.Build.0 = Release|Any CPU
		{D1A32CD6-49FC-4873-A76B-43D6C66BC4FA}.UAT Debug|Any CPU.ActiveCfg = Debug|Any CPU
		{D1A32CD6-49FC-4873-A76B-43D6C66BC4FA}.UAT Debug|Any CPU.Build.0 = Debug|Any CPU
		{D1A32CD6-49FC-4873-A76B-43D6C66BC4FA}.UAT|Any CPU.ActiveCfg = Debug|Any CPU
		{D1A32CD6-49FC-4873-A76B-43D6C66BC4FA}.UAT|Any CPU.Build.0 = Debug|Any CPU
	EndGlobalSection
	GlobalSection(SolutionProperties) = preSolution
		HideSolutionNode = FALSE
	EndGlobalSection
	GlobalSection(NestedProjects) = preSolution
		{0E978840-C4CD-43FD-A779-F83DA010DA9B} = {B6DE6046-294C-41B9-B682-0CD820C9D2DB}
		{D1A32CD6-49FC-4873-A76B-43D6C66BC4FA} = {B6DE6046-294C-41B9-B682-0CD820C9D2DB}
	EndGlobalSection
	GlobalSection(ExtensibilityGlobals) = postSolution
		SolutionGuid = {B885D703-6E23-4B47-8651-7891286521FB}
	EndGlobalSection
EndGlobal
